// !$*UTF8*$!
{
	archiveVersion = 1;
	classes = {
	};
	objectVersion = 50;
	objects = {

/* Begin PBXBuildFile section */
		13FF8B756EFF2E5369FB618F /* Pods_Poddler.framework in Frameworks */ = {isa = PBXBuildFile; fileRef = 40CDF879AE1BAF2191ABA2C2 /* Pods_Poddler.framework */; };
		F032248A21151612005CAAEA /* MainViewController.swift in Sources */ = {isa = PBXBuildFile; fileRef = F032248921151612005CAAEA /* MainViewController.swift */; };
		F032248C211516B3005CAAEA /* UIColor_ext.swift in Sources */ = {isa = PBXBuildFile; fileRef = F032248B211516B3005CAAEA /* UIColor_ext.swift */; };
		F032248E211516CC005CAAEA /* UIImage_ext.swift in Sources */ = {isa = PBXBuildFile; fileRef = F032248D211516CC005CAAEA /* UIImage_ext.swift */; };
		F03224922115181A005CAAEA /* EmptyViewController.swift in Sources */ = {isa = PBXBuildFile; fileRef = F03224912115181A005CAAEA /* EmptyViewController.swift */; };
		F032249421151AEB005CAAEA /* SearchViewController.swift in Sources */ = {isa = PBXBuildFile; fileRef = F032249321151AEB005CAAEA /* SearchViewController.swift */; };
		F0511A1D211513B80055FACD /* AppDelegate.swift in Sources */ = {isa = PBXBuildFile; fileRef = F0511A1C211513B80055FACD /* AppDelegate.swift */; };
		F0511A24211513B80055FACD /* Assets.xcassets in Resources */ = {isa = PBXBuildFile; fileRef = F0511A23211513B80055FACD /* Assets.xcassets */; };
		F0511A27211513B80055FACD /* LaunchScreen.storyboard in Resources */ = {isa = PBXBuildFile; fileRef = F0511A25211513B80055FACD /* LaunchScreen.storyboard */; };
/* End PBXBuildFile section */

/* Begin PBXFileReference section */
		16C92E1D7B13306407D95CB7 /* Pods-Poddler.release.xcconfig */ = {isa = PBXFileReference; includeInIndex = 1; lastKnownFileType = text.xcconfig; name = "Pods-Poddler.release.xcconfig"; path = "Pods/Target Support Files/Pods-Poddler/Pods-Poddler.release.xcconfig"; sourceTree = "<group>"; };
		40CDF879AE1BAF2191ABA2C2 /* Pods_Poddler.framework */ = {isa = PBXFileReference; explicitFileType = wrapper.framework; includeInIndex = 0; path = Pods_Poddler.framework; sourceTree = BUILT_PRODUCTS_DIR; };
		E61BD571C44714FC8659E399 /* Pods-Poddler.debug.xcconfig */ = {isa = PBXFileReference; includeInIndex = 1; lastKnownFileType = text.xcconfig; name = "Pods-Poddler.debug.xcconfig"; path = "Pods/Target Support Files/Pods-Poddler/Pods-Poddler.debug.xcconfig"; sourceTree = "<group>"; };
		F032248921151612005CAAEA /* MainViewController.swift */ = {isa = PBXFileReference; lastKnownFileType = sourcecode.swift; path = MainViewController.swift; sourceTree = "<group>"; };
		F032248B211516B3005CAAEA /* UIColor_ext.swift */ = {isa = PBXFileReference; lastKnownFileType = sourcecode.swift; path = UIColor_ext.swift; sourceTree = "<group>"; };
		F032248D211516CC005CAAEA /* UIImage_ext.swift */ = {isa = PBXFileReference; lastKnownFileType = sourcecode.swift; path = UIImage_ext.swift; sourceTree = "<group>"; };
		F03224912115181A005CAAEA /* EmptyViewController.swift */ = {isa = PBXFileReference; lastKnownFileType = sourcecode.swift; path = EmptyViewController.swift; sourceTree = "<group>"; };
		F032249321151AEB005CAAEA /* SearchViewController.swift */ = {isa = PBXFileReference; lastKnownFileType = sourcecode.swift; path = SearchViewController.swift; sourceTree = "<group>"; };
		F0511A19211513B80055FACD /* Poddler.app */ = {isa = PBXFileReference; explicitFileType = wrapper.application; includeInIndex = 0; path = Poddler.app; sourceTree = BUILT_PRODUCTS_DIR; };
		F0511A1C211513B80055FACD /* AppDelegate.swift */ = {isa = PBXFileReference; lastKnownFileType = sourcecode.swift; path = AppDelegate.swift; sourceTree = "<group>"; };
		F0511A23211513B80055FACD /* Assets.xcassets */ = {isa = PBXFileReference; lastKnownFileType = folder.assetcatalog; path = Assets.xcassets; sourceTree = "<group>"; };
		F0511A26211513B80055FACD /* Base */ = {isa = PBXFileReference; lastKnownFileType = file.storyboard; name = Base; path = Base.lproj/LaunchScreen.storyboard; sourceTree = "<group>"; };
		F0511A28211513B80055FACD /* Info.plist */ = {isa = PBXFileReference; lastKnownFileType = text.plist.xml; path = Info.plist; sourceTree = "<group>"; };
/* End PBXFileReference section */

/* Begin PBXFrameworksBuildPhase section */
		F0511A16211513B80055FACD /* Frameworks */ = {
			isa = PBXFrameworksBuildPhase;
			buildActionMask = 2147483647;
			files = (
				13FF8B756EFF2E5369FB618F /* Pods_Poddler.framework in Frameworks */,
			);
			runOnlyForDeploymentPostprocessing = 0;
		};
/* End PBXFrameworksBuildPhase section */

/* Begin PBXGroup section */
		01C62BD0D278435BD8F93A86 /* Pods */ = {
			isa = PBXGroup;
			children = (
				E61BD571C44714FC8659E399 /* Pods-Poddler.debug.xcconfig */,
				16C92E1D7B13306407D95CB7 /* Pods-Poddler.release.xcconfig */,
			);
			name = Pods;
			sourceTree = "<group>";
		};
		022D893153A5BEB38EEEE64F /* Frameworks */ = {
			isa = PBXGroup;
			children = (
				40CDF879AE1BAF2191ABA2C2 /* Pods_Poddler.framework */,
			);
			name = Frameworks;
			sourceTree = "<group>";
		};
		F032248F211516D8005CAAEA /* Extensions */ = {
			isa = PBXGroup;
			children = (
				F032248B211516B3005CAAEA /* UIColor_ext.swift */,
				F032248D211516CC005CAAEA /* UIImage_ext.swift */,
			);
			path = Extensions;
			sourceTree = "<group>";
		};
		F0322490211516E3005CAAEA /* MainViewController */ = {
			isa = PBXGroup;
			children = (
				F032248921151612005CAAEA /* MainViewController.swift */,
				F03224912115181A005CAAEA /* EmptyViewController.swift */,
			);
			path = MainViewController;
			sourceTree = "<group>";
		};
		F032249521151AF2005CAAEA /* SearchViewController */ = {
			isa = PBXGroup;
			children = (
				F032249321151AEB005CAAEA /* SearchViewController.swift */,
			);
			path = SearchViewController;
			sourceTree = "<group>";
		};
		F0511A10211513B80055FACD = {
			isa = PBXGroup;
			children = (
				F0511A1B211513B80055FACD /* Poddler */,
				F0511A1A211513B80055FACD /* Products */,
				01C62BD0D278435BD8F93A86 /* Pods */,
				022D893153A5BEB38EEEE64F /* Frameworks */,
			);
			sourceTree = "<group>";
		};
		F0511A1A211513B80055FACD /* Products */ = {
			isa = PBXGroup;
			children = (
				F0511A19211513B80055FACD /* Poddler.app */,
			);
			name = Products;
			sourceTree = "<group>";
		};
		F0511A1B211513B80055FACD /* Poddler */ = {
			isa = PBXGroup;
			children = (
				F0511A1C211513B80055FACD /* AppDelegate.swift */,
				F0322490211516E3005CAAEA /* MainViewController */,
				F0511A23211513B80055FACD /* Assets.xcassets */,
				F0511A25211513B80055FACD /* LaunchScreen.storyboard */,
				F0511A28211513B80055FACD /* Info.plist */,
				F032248F211516D8005CAAEA /* Extensions */,
				F032249521151AF2005CAAEA /* SearchViewController */,
			);
			path = Poddler;
			sourceTree = "<group>";
		};
/* End PBXGroup section */

/* Begin PBXNativeTarget section */
		F0511A18211513B80055FACD /* Poddler */ = {
			isa = PBXNativeTarget;
			buildConfigurationList = F0511A2B211513B80055FACD /* Build configuration list for PBXNativeTarget "Poddler" */;
			buildPhases = (
				FBC6B30D21DA823B9F6B1B50 /* [CP] Check Pods Manifest.lock */,
				F0511A15211513B80055FACD /* Sources */,
				F0511A16211513B80055FACD /* Frameworks */,
				F0511A17211513B80055FACD /* Resources */,
				4AF5470D2A618BB5A98CD5E2 /* [CP] Embed Pods Frameworks */,
			);
			buildRules = (
			);
			dependencies = (
			);
			name = Poddler;
			productName = Poddler;
			productReference = F0511A19211513B80055FACD /* Poddler.app */;
			productType = "com.apple.product-type.application";
		};
/* End PBXNativeTarget section */

/* Begin PBXProject section */
		F0511A11211513B80055FACD /* Project object */ = {
			isa = PBXProject;
			attributes = {
				LastSwiftUpdateCheck = 1000;
				LastUpgradeCheck = 1000;
				ORGANIZATIONNAME = "Pohle, Sven";
				TargetAttributes = {
					F0511A18211513B80055FACD = {
						CreatedOnToolsVersion = 10.0;
					};
				};
			};
			buildConfigurationList = F0511A14211513B80055FACD /* Build configuration list for PBXProject "Poddler" */;
			compatibilityVersion = "Xcode 9.3";
			developmentRegion = en;
			hasScannedForEncodings = 0;
			knownRegions = (
				en,
				Base,
			);
			mainGroup = F0511A10211513B80055FACD;
			productRefGroup = F0511A1A211513B80055FACD /* Products */;
			projectDirPath = "";
			projectRoot = "";
			targets = (
				F0511A18211513B80055FACD /* Poddler */,
			);
		};
/* End PBXProject section */

/* Begin PBXResourcesBuildPhase section */
		F0511A17211513B80055FACD /* Resources */ = {
			isa = PBXResourcesBuildPhase;
			buildActionMask = 2147483647;
			files = (
				F0511A27211513B80055FACD /* LaunchScreen.storyboard in Resources */,
				F0511A24211513B80055FACD /* Assets.xcassets in Resources */,
			);
			runOnlyForDeploymentPostprocessing = 0;
		};
/* End PBXResourcesBuildPhase section */

/* Begin PBXShellScriptBuildPhase section */
		4AF5470D2A618BB5A98CD5E2 /* [CP] Embed Pods Frameworks */ = {
			isa = PBXShellScriptBuildPhase;
			buildActionMask = 2147483647;
			files = (
			);
			inputPaths = (
				"${SRCROOT}/Pods/Target Support Files/Pods-Poddler/Pods-Poddler-frameworks.sh",
				"${BUILT_PRODUCTS_DIR}/Alamofire/Alamofire.framework",
				"${BUILT_PRODUCTS_DIR}/FeedKit/FeedKit.framework",
				"${BUILT_PRODUCTS_DIR}/SDWebImage/SDWebImage.framework",
			);
			name = "[CP] Embed Pods Frameworks";
			outputPaths = (
				"${TARGET_BUILD_DIR}/${FRAMEWORKS_FOLDER_PATH}/Alamofire.framework",
				"${TARGET_BUILD_DIR}/${FRAMEWORKS_FOLDER_PATH}/FeedKit.framework",
				"${TARGET_BUILD_DIR}/${FRAMEWORKS_FOLDER_PATH}/SDWebImage.framework",
			);
			runOnlyForDeploymentPostprocessing = 0;
			shellPath = /bin/sh;
			shellScript = "\"${SRCROOT}/Pods/Target Support Files/Pods-Poddler/Pods-Poddler-frameworks.sh\"\n";
			showEnvVarsInLog = 0;
		};
		FBC6B30D21DA823B9F6B1B50 /* [CP] Check Pods Manifest.lock */ = {
			isa = PBXShellScriptBuildPhase;
			buildActionMask = 2147483647;
			files = (
			);
			inputPaths = (
				"${PODS_PODFILE_DIR_PATH}/Podfile.lock",
				"${PODS_ROOT}/Manifest.lock",
			);
			name = "[CP] Check Pods Manifest.lock";
			outputPaths = (
				"$(DERIVED_FILE_DIR)/Pods-Poddler-checkManifestLockResult.txt",
			);
			runOnlyForDeploymentPostprocessing = 0;
			shellPath = /bin/sh;
			shellScript = "diff \"${PODS_PODFILE_DIR_PATH}/Podfile.lock\" \"${PODS_ROOT}/Manifest.lock\" > /dev/null\nif [ $? != 0 ] ; then\n    # print error to STDERR\n    echo \"error: The sandbox is not in sync with the Podfile.lock. Run 'pod install' or update your CocoaPods installation.\" >&2\n    exit 1\nfi\n# This output is used by Xcode 'outputs' to avoid re-running this script phase.\necho \"SUCCESS\" > \"${SCRIPT_OUTPUT_FILE_0}\"\n";
			showEnvVarsInLog = 0;
		};
/* End PBXShellScriptBuildPhase section */

/* Begin PBXSourcesBuildPhase section */
		F0511A15211513B80055FACD /* Sources */ = {
			isa = PBXSourcesBuildPhase;
			buildActionMask = 2147483647;
			files = (
				F032249421151AEB005CAAEA /* SearchViewController.swift in Sources */,
				F032248A21151612005CAAEA /* MainViewController.swift in Sources */,
				F032248C211516B3005CAAEA /* UIColor_ext.swift in Sources */,
				F03224922115181A005CAAEA /* EmptyViewController.swift in Sources */,
				F032248E211516CC005CAAEA /* UIImage_ext.swift in Sources */,
				F0511A1D211513B80055FACD /* AppDelegate.swift in Sources */,
			);
			runOnlyForDeploymentPostprocessing = 0;
		};
/* End PBXSourcesBuildPhase section */

/* Begin PBXVariantGroup section */
		F0511A25211513B80055FACD /* LaunchScreen.storyboard */ = {
			isa = PBXVariantGroup;
			children = (
				F0511A26211513B80055FACD /* Base */,
			);
			name = LaunchScreen.storyboard;
			sourceTree = "<group>";
		};
/* End PBXVariantGroup section */

/* Begin XCBuildConfiguration section */
		F0511A29211513B80055FACD /* Debug */ = {
			isa = XCBuildConfiguration;
			buildSettings = {
				ALWAYS_SEARCH_USER_PATHS = NO;
				CLANG_ANALYZER_NONNULL = YES;
				CLANG_ANALYZER_NUMBER_OBJECT_CONVERSION = YES_AGGRESSIVE;
				CLANG_CXX_LANGUAGE_STANDARD = "gnu++14";
				CLANG_CXX_LIBRARY = "libc++";
				CLANG_ENABLE_MODULES = YES;
				CLANG_ENABLE_OBJC_ARC = YES;
				CLANG_ENABLE_OBJC_WEAK = YES;
				CLANG_WARN_BLOCK_CAPTURE_AUTORELEASING = YES;
				CLANG_WARN_BOOL_CONVERSION = YES;
				CLANG_WARN_COMMA = YES;
				CLANG_WARN_CONSTANT_CONVERSION = YES;
				CLANG_WARN_DEPRECATED_OBJC_IMPLEMENTATIONS = YES;
				CLANG_WARN_DIRECT_OBJC_ISA_USAGE = YES_ERROR;
				CLANG_WARN_DOCUMENTATION_COMMENTS = YES;
				CLANG_WARN_EMPTY_BODY = YES;
				CLANG_WARN_ENUM_CONVERSION = YES;
				CLANG_WARN_INFINITE_RECURSION = YES;
				CLANG_WARN_INT_CONVERSION = YES;
				CLANG_WARN_NON_LITERAL_NULL_CONVERSION = YES;
				CLANG_WARN_OBJC_IMPLICIT_RETAIN_SELF = YES;
				CLANG_WARN_OBJC_LITERAL_CONVERSION = YES;
				CLANG_WARN_OBJC_ROOT_CLASS = YES_ERROR;
				CLANG_WARN_RANGE_LOOP_ANALYSIS = YES;
				CLANG_WARN_STRICT_PROTOTYPES = YES;
				CLANG_WARN_SUSPICIOUS_MOVE = YES;
				CLANG_WARN_UNGUARDED_AVAILABILITY = YES_AGGRESSIVE;
				CLANG_WARN_UNREACHABLE_CODE = YES;
				CLANG_WARN__DUPLICATE_METHOD_MATCH = YES;
				CODE_SIGN_IDENTITY = "iPhone Developer";
				COPY_PHASE_STRIP = NO;
				DEBUG_INFORMATION_FORMAT = dwarf;
				ENABLE_STRICT_OBJC_MSGSEND = YES;
				ENABLE_TESTABILITY = YES;
				GCC_C_LANGUAGE_STANDARD = gnu11;
				GCC_DYNAMIC_NO_PIC = NO;
				GCC_NO_COMMON_BLOCKS = YES;
				GCC_OPTIMIZATION_LEVEL = 0;
				GCC_PREPROCESSOR_DEFINITIONS = (
					"DEBUG=1",
					"$(inherited)",
				);
				GCC_WARN_64_TO_32_BIT_CONVERSION = YES;
				GCC_WARN_ABOUT_RETURN_TYPE = YES_ERROR;
				GCC_WARN_UNDECLARED_SELECTOR = YES;
				GCC_WARN_UNINITIALIZED_AUTOS = YES_AGGRESSIVE;
				GCC_WARN_UNUSED_FUNCTION = YES;
				GCC_WARN_UNUSED_VARIABLE = YES;
				IPHONEOS_DEPLOYMENT_TARGET = 12.0;
				MTL_ENABLE_DEBUG_INFO = INCLUDE_SOURCE;
				MTL_FAST_MATH = YES;
				ONLY_ACTIVE_ARCH = YES;
				SDKROOT = iphoneos;
				SWIFT_ACTIVE_COMPILATION_CONDITIONS = DEBUG;
				SWIFT_OPTIMIZATION_LEVEL = "-Onone";
			};
			name = Debug;
		};
		F0511A2A211513B80055FACD /* Release */ = {
			isa = XCBuildConfiguration;
			buildSettings = {
				ALWAYS_SEARCH_USER_PATHS = NO;
				CLANG_ANALYZER_NONNULL = YES;
				CLANG_ANALYZER_NUMBER_OBJECT_CONVERSION = YES_AGGRESSIVE;
				CLANG_CXX_LANGUAGE_STANDARD = "gnu++14";
				CLANG_CXX_LIBRARY = "libc++";
				CLANG_ENABLE_MODULES = YES;
				CLANG_ENABLE_OBJC_ARC = YES;
				CLANG_ENABLE_OBJC_WEAK = YES;
				CLANG_WARN_BLOCK_CAPTURE_AUTORELEASING = YES;
				CLANG_WARN_BOOL_CONVERSION = YES;
				CLANG_WARN_COMMA = YES;
				CLANG_WARN_CONSTANT_CONVERSION = YES;
				CLANG_WARN_DEPRECATED_OBJC_IMPLEMENTATIONS = YES;
				CLANG_WARN_DIRECT_OBJC_ISA_USAGE = YES_ERROR;
				CLANG_WARN_DOCUMENTATION_COMMENTS = YES;
				CLANG_WARN_EMPTY_BODY = YES;
				CLANG_WARN_ENUM_CONVERSION = YES;
				CLANG_WARN_INFINITE_RECURSION = YES;
				CLANG_WARN_INT_CONVERSION = YES;
				CLANG_WARN_NON_LITERAL_NULL_CONVERSION = YES;
				CLANG_WARN_OBJC_IMPLICIT_RETAIN_SELF = YES;
				CLANG_WARN_OBJC_LITERAL_CONVERSION = YES;
				CLANG_WARN_OBJC_ROOT_CLASS = YES_ERROR;
				CLANG_WARN_RANGE_LOOP_ANALYSIS = YES;
				CLANG_WARN_STRICT_PROTOTYPES = YES;
				CLANG_WARN_SUSPICIOUS_MOVE = YES;
				CLANG_WARN_UNGUARDED_AVAILABILITY = YES_AGGRESSIVE;
				CLANG_WARN_UNREACHABLE_CODE = YES;
				CLANG_WARN__DUPLICATE_METHOD_MATCH = YES;
				CODE_SIGN_IDENTITY = "iPhone Developer";
				COPY_PHASE_STRIP = NO;
				DEBUG_INFORMATION_FORMAT = "dwarf-with-dsym";
				ENABLE_NS_ASSERTIONS = NO;
				ENABLE_STRICT_OBJC_MSGSEND = YES;
				GCC_C_LANGUAGE_STANDARD = gnu11;
				GCC_NO_COMMON_BLOCKS = YES;
				GCC_WARN_64_TO_32_BIT_CONVERSION = YES;
				GCC_WARN_ABOUT_RETURN_TYPE = YES_ERROR;
				GCC_WARN_UNDECLARED_SELECTOR = YES;
				GCC_WARN_UNINITIALIZED_AUTOS = YES_AGGRESSIVE;
				GCC_WARN_UNUSED_FUNCTION = YES;
				GCC_WARN_UNUSED_VARIABLE = YES;
				IPHONEOS_DEPLOYMENT_TARGET = 12.0;
				MTL_ENABLE_DEBUG_INFO = NO;
				MTL_FAST_MATH = YES;
				SDKROOT = iphoneos;
				SWIFT_COMPILATION_MODE = wholemodule;
				SWIFT_OPTIMIZATION_LEVEL = "-O";
				VALIDATE_PRODUCT = YES;
			};
			name = Release;
		};
		F0511A2C211513B80055FACD /* Debug */ = {
			isa = XCBuildConfiguration;
			baseConfigurationReference = E61BD571C44714FC8659E399 /* Pods-Poddler.debug.xcconfig */;
			buildSettings = {
				ASSETCATALOG_COMPILER_APPICON_NAME = AppIcon;
				CODE_SIGN_STYLE = Automatic;
				DEVELOPMENT_TEAM = Q5BR2BF73N;
				INFOPLIST_FILE = Poddler/Info.plist;
				LD_RUNPATH_SEARCH_PATHS = (
					"$(inherited)",
					"@executable_path/Frameworks",
				);
				PRODUCT_BUNDLE_IDENTIFIER = com.beaker.Poddler;
				PRODUCT_NAME = "$(TARGET_NAME)";
				SWIFT_VERSION = 4.2;
				TARGETED_DEVICE_FAMILY = "1,2";
			};
			name = Debug;
		};
		F0511A2D211513B80055FACD /* Release */ = {
			isa = XCBuildConfiguration;
			baseConfigurationReference = 16C92E1D7B13306407D95CB7 /* Pods-Poddler.release.xcconfig */;
			buildSettings = {
				ASSETCATALOG_COMPILER_APPICON_NAME = AppIcon;
				CODE_SIGN_STYLE = Automatic;
				DEVELOPMENT_TEAM = Q5BR2BF73N;
				INFOPLIST_FILE = Poddler/Info.plist;
				LD_RUNPATH_SEARCH_PATHS = (
					"$(inherited)",
					"@executable_path/Frameworks",
				);
				PRODUCT_BUNDLE_IDENTIFIER = com.beaker.Poddler;
				PRODUCT_NAME = "$(TARGET_NAME)";
				SWIFT_VERSION = 4.2;
				TARGETED_DEVICE_FAMILY = "1,2";
			};
			name = Release;
		};
/* End XCBuildConfiguration section */

/* Begin XCConfigurationList section */
		F0511A14211513B80055FACD /* Build configuration list for PBXProject "Poddler" */ = {
			isa = XCConfigurationList;
			buildConfigurations = (
				F0511A29211513B80055FACD /* Debug */,
				F0511A2A211513B80055FACD /* Release */,
			);
			defaultConfigurationIsVisible = 0;
			defaultConfigurationName = Release;
		};
		F0511A2B211513B80055FACD /* Build configuration list for PBXNativeTarget "Poddler" */ = {
			isa = XCConfigurationList;
			buildConfigurations = (
				F0511A2C211513B80055FACD /* Debug */,
				F0511A2D211513B80055FACD /* Release */,
			);
			defaultConfigurationIsVisible = 0;
			defaultConfigurationName = Release;
		};
/* End XCConfigurationList section */
	};
	rootObject = F0511A11211513B80055FACD /* Project object */;
}
